
Microsoft Visual Studio Solution File, Format Version 12.00
# Visual Studio Version 17
VisualStudioVersion = 17.3.32901.215
MinimumVisualStudioVersion = 10.0.40219.1
Project("{888888A0-9F3D-457C-B088-3A5042F75D52}") = "PodpisCyfrowy3", "PodpisCyfrowy3.pyproj", "{1648AF7F-3FF5-4257-AE59-92876E0D62A6}"
EndProject
Global
	GlobalSection(SolutionConfigurationPlatforms) = preSolution
		Debug|Any CPU = Debug|Any CPU
		Release|Any CPU = Release|Any CPU
	EndGlobalSection
	GlobalSection(ProjectConfigurationPlatforms) = postSolution
		{1648AF7F-3FF5-4257-AE59-92876E0D62A6}.Debug|Any CPU.ActiveCfg = Debug|Any CPU
		{1648AF7F-3FF5-4257-AE59-92876E0D62A6}.Release|Any CPU.ActiveCfg = Release|Any CPU
	EndGlobalSection
	GlobalSection(SolutionProperties) = preSolution
		HideSolutionNode = FALSE
	EndGlobalSection
	GlobalSection(ExtensibilityGlobals) = postSolution
		SolutionGuid = {526E3A2F-859D-46A7-8253-2A24001D9CDF}
	EndGlobalSection
EndGlobal
